{
    "_meta": {
        "hash": {
            "sha256": "f5fca8402038a706d670b7db5f4bfe0561f331d5e29e4a84807d7c09db4dee27"
        },
        "pipfile-spec": 6,
        "requires": {
            "python_version": "3.9"
        },
        "sources": [
            {
                "name": "pypi",
                "url": "https://pypi.org/simple",
                "verify_ssl": true
            }
        ]
    },
    "default": {
        "urllib3": {
            "hashes": [
                "sha256:ca899ca043dcb1bafa3e262d73aa25c465bfb49e0bd9dd5d59f1d0acba2f8fac",
                "sha256:e7d814a81dad81e6caf2ec9fdedb284ecc9c73076b62654547cc64ccdcae26e9"
            ],
            "index": "pypi",
            "markers": "python_version >= '3.8'",
            "version": "==2.2.3"
        }
    },
    "develop": {
        "aws-lambda-powertools": {
            "hashes": [
                "sha256:443846fbd46d4ab1a3a4b3bfc753131f86e0f5e52a79949ecc90201b09661c79",
                "sha256:f3796733ed345cdf6aa51583465ffd685c34c48a9427083db74bcf7af4f14fa8"
            ],
            "index": "pypi",
            "markers": "python_version >= '3.8' and python_full_version < '4.0.0'",
            "version": "==2.33.1"
        },
        "boto3": {
            "hashes": [
                "sha256:40f89fb2acee0a0879effe81badffcd801a348e715483227223241ae311c48fc",
                "sha256:86bcf79a56631609a9f8023fe8f53e2869702bdd4c9047c6d9f091eb39c9b0fa"
            ],
            "index": "pypi",
            "markers": "python_version >= '3.8'",
            "version": "==1.34.44"
        },
        "botocore": {
            "hashes": [
                "sha256:8d9837fb33256e70b9c8955a32d3e60fa70a0b72849a909737cf105fcc3b5deb",
                "sha256:b0f40c54477e8e0a5c43377a927b8959a86bb8824aaef2d28db7c9c367cdefaa"
            ],
            "markers": "python_version >= '3.8'",
            "version": "==1.34.44"
        },
        "jmespath": {
            "hashes": [
                "sha256:02e2e4cc71b5bcab88332eebf907519190dd9e6e82107fa7f83b1003a6252980",
                "sha256:90261b206d6defd58fdd5e85f478bf633a2901798906be2ad389150c5c60edbe"
            ],
            "markers": "python_version >= '3.7'",
            "version": "==1.0.1"
        },
        "python-dateutil": {
            "hashes": [
                "sha256:0123cacc1627ae19ddf3c27a5de5bd67ee4586fbdd6440d9748f8abb483d3e86",
                "sha256:961d03dc3453ebbc59dbdea9e4e11c5651520a876d0f4db161e8674aae935da9"
            ],
            "markers": "python_version >= '2.7' and python_version not in '3.0, 3.1, 3.2, 3.3'",
            "version": "==2.8.2"
        },
        "s3transfer": {
            "hashes": [
                "sha256:3cdb40f5cfa6966e812209d0994f2a4709b561c88e90cf00c2696d2df4e56b2e",
                "sha256:d0c8bbf672d5eebbe4e57945e23b972d963f07d82f661cabf678a5c88831595b"
            ],
            "markers": "python_version >= '3.8'",
            "version": "==0.10.0"
        },
        "six": {
            "hashes": [
                "sha256:1e61c37477a1626458e36f7b1d82aa5c9b094fa4802892072e49de9c60c4c926",
                "sha256:8abb2f1d86890a2dfb989f9a77cfcfd3e47c2a354b01111771326f8aa26e0254"
            ],
            "markers": "python_version >= '2.7' and python_version not in '3.0, 3.1, 3.2, 3.3'",
            "version": "==1.16.0"
        },
        "typing-extensions": {
            "hashes": [
                "sha256:23478f88c37f27d76ac8aee6c905017a143b0b1b886c3c9f66bc2fd94f9f5783",
                "sha256:af72aea155e91adfc61c3ae9e0e342dbc0cba726d6cba4b6c72c1f34e47291cd"
            ],
            "markers": "python_version >= '3.8'",
            "version": "==4.9.0"
        },
        "urllib3": {
            "hashes": [
                "sha256:8a388717b9476f934a21484e8c8e61875ab60644d29b9b39e11e4b9dc1c6b305",
                "sha256:aa751d169e23c7479ce47a0cb0da579e3ede798f994f5816a74e4f4500dcea42"
            ],
            "index": "pypi",
            "markers": "python_version >= '2.7' and python_version not in '3.0, 3.1, 3.2, 3.3, 3.4, 3.5'",
            "version": "==1.26.15"
        }
    }
}
