
Microsoft Visual Studio Solution File, Format Version 12.00
# Visual Studio Version 17
VisualStudioVersion = 17.5.002.0
MinimumVisualStudioVersion = 10.0.40219.1
Project("{FAE04EC0-301F-11D3-BF4B-00C04F79EFBC}") = "AlbEcsBedrockAgentsCdkDotnet", "AlbEcsBedrockAgentsCdkDotnet\AlbEcsBedrockAgentsCdkDotnet.csproj", "{D3E59DEB-219D-4231-838B-204E52E44A13}"
EndProject
Project("{2150E333-8FDC-42A3-9474-1A3956D46DE8}") = "AlbEcsBedrockAgentsCdkDotnet", "AlbEcsBedrockAgentsCdkDotnet", "{E54F8D95-183A-4F3F-AFB2-F0CB1C4AD818}"
EndProject
Project("{2150E333-8FDC-42A3-9474-1A3956D46DE8}") = "LambdaFunctions", "LambdaFunctions", "{6C88E75E-3388-4544-9E6E-98B0DE83EBB8}"
EndProject
Project("{2150E333-8FDC-42A3-9474-1A3956D46DE8}") = "BedrockAgent", "BedrockAgent", "{15E38A5C-4460-42A2-A9F5-7686FCB5A238}"
EndProject
Project("{FAE04EC0-301F-11D3-BF4B-00C04F79EFBC}") = "ActionGroupLambdaFunction", "LambdaFunctions\BedrockAgent\ActionGroupLambdaFunction\ActionGroupLambdaFunction.csproj", "{54226D32-A012-4BCF-B4A1-93ED3624BD4C}"
EndProject
Project("{2150E333-8FDC-42A3-9474-1A3956D46DE8}") = "KnowledgeBase", "KnowledgeBase", "{744443E6-0104-4DD3-823F-78C3417EF459}"
EndProject
Project("{2150E333-8FDC-42A3-9474-1A3956D46DE8}") = "CustomResource", "CustomResource", "{485A1529-FD6E-47DA-BB16-594266095EB6}"
EndProject
Project("{FAE04EC0-301F-11D3-BF4B-00C04F79EFBC}") = "KnowledgeBaseIngestion", "LambdaFunctions\KnowledgeBase\CustomResource\KnowledgeBaseIngestion\KnowledgeBaseIngestion.csproj", "{59BC450C-96E6-4536-B7B1-33583E43897D}"
EndProject
Project("{FAE04EC0-301F-11D3-BF4B-00C04F79EFBC}") = "OssIndexCreation", "LambdaFunctions\KnowledgeBase\CustomResource\OssIndexCreation\OssIndexCreation.csproj", "{6D469CD0-FEB2-41A2-B0E1-D0AB3A4AEEE0}"
EndProject
Project("{2150E333-8FDC-42A3-9474-1A3956D46DE8}") = "CustomResource", "CustomResource", "{D39904F1-F0CA-49DC-8654-6494CA40A4C7}"
EndProject
Project("{FAE04EC0-301F-11D3-BF4B-00C04F79EFBC}") = "BedrockAgentAliasCreation", "LambdaFunctions\BedrockAgent\CustomResource\BedrockAgentAliasCreation\BedrockAgentAliasCreation.csproj", "{DD7A6669-B9FD-4ACB-BAB2-220E12E44DE4}"
EndProject
Project("{2150E333-8FDC-42A3-9474-1A3956D46DE8}") = "ECSTasks", "ECSTasks", "{E5031C0B-31A2-4BBE-8EC9-4ECB36E5FC32}"
EndProject
Project("{FAE04EC0-301F-11D3-BF4B-00C04F79EFBC}") = "BedrockAgentsApiProxy", "ECSTasks\BedrockAgentsApiProxy\BedrockAgentsApiProxy.csproj", "{ECA88C56-92AA-40C0-ABEF-867E2DCE7CF6}"
EndProject
Project("{FAE04EC0-301F-11D3-BF4B-00C04F79EFBC}") = "TestApp", "Test\TestApp.csproj", "{5B8875EB-9B2F-413C-8202-F582F4C3CB18}"
EndProject
Global
	GlobalSection(SolutionConfigurationPlatforms) = preSolution
		Debug|Any CPU = Debug|Any CPU
		Debug|x64 = Debug|x64
		Debug|x86 = Debug|x86
		Release|Any CPU = Release|Any CPU
		Release|x64 = Release|x64
		Release|x86 = Release|x86
	EndGlobalSection
	GlobalSection(ProjectConfigurationPlatforms) = postSolution
		{D3E59DEB-219D-4231-838B-204E52E44A13}.Debug|Any CPU.ActiveCfg = Debug|Any CPU
		{D3E59DEB-219D-4231-838B-204E52E44A13}.Debug|Any CPU.Build.0 = Debug|Any CPU
		{D3E59DEB-219D-4231-838B-204E52E44A13}.Debug|x64.ActiveCfg = Debug|Any CPU
		{D3E59DEB-219D-4231-838B-204E52E44A13}.Debug|x64.Build.0 = Debug|Any CPU
		{D3E59DEB-219D-4231-838B-204E52E44A13}.Debug|x86.ActiveCfg = Debug|Any CPU
		{D3E59DEB-219D-4231-838B-204E52E44A13}.Debug|x86.Build.0 = Debug|Any CPU
		{D3E59DEB-219D-4231-838B-204E52E44A13}.Release|Any CPU.ActiveCfg = Release|Any CPU
		{D3E59DEB-219D-4231-838B-204E52E44A13}.Release|Any CPU.Build.0 = Release|Any CPU
		{D3E59DEB-219D-4231-838B-204E52E44A13}.Release|x64.ActiveCfg = Release|Any CPU
		{D3E59DEB-219D-4231-838B-204E52E44A13}.Release|x64.Build.0 = Release|Any CPU
		{D3E59DEB-219D-4231-838B-204E52E44A13}.Release|x86.ActiveCfg = Release|Any CPU
		{D3E59DEB-219D-4231-838B-204E52E44A13}.Release|x86.Build.0 = Release|Any CPU
		{54226D32-A012-4BCF-B4A1-93ED3624BD4C}.Debug|Any CPU.ActiveCfg = Debug|Any CPU
		{54226D32-A012-4BCF-B4A1-93ED3624BD4C}.Debug|Any CPU.Build.0 = Debug|Any CPU
		{54226D32-A012-4BCF-B4A1-93ED3624BD4C}.Debug|x64.ActiveCfg = Debug|Any CPU
		{54226D32-A012-4BCF-B4A1-93ED3624BD4C}.Debug|x64.Build.0 = Debug|Any CPU
		{54226D32-A012-4BCF-B4A1-93ED3624BD4C}.Debug|x86.ActiveCfg = Debug|Any CPU
		{54226D32-A012-4BCF-B4A1-93ED3624BD4C}.Debug|x86.Build.0 = Debug|Any CPU
		{54226D32-A012-4BCF-B4A1-93ED3624BD4C}.Release|Any CPU.ActiveCfg = Release|Any CPU
		{54226D32-A012-4BCF-B4A1-93ED3624BD4C}.Release|Any CPU.Build.0 = Release|Any CPU
		{54226D32-A012-4BCF-B4A1-93ED3624BD4C}.Release|x64.ActiveCfg = Release|Any CPU
		{54226D32-A012-4BCF-B4A1-93ED3624BD4C}.Release|x64.Build.0 = Release|Any CPU
		{54226D32-A012-4BCF-B4A1-93ED3624BD4C}.Release|x86.ActiveCfg = Release|Any CPU
		{54226D32-A012-4BCF-B4A1-93ED3624BD4C}.Release|x86.Build.0 = Release|Any CPU
		{59BC450C-96E6-4536-B7B1-33583E43897D}.Debug|Any CPU.ActiveCfg = Debug|Any CPU
		{59BC450C-96E6-4536-B7B1-33583E43897D}.Debug|Any CPU.Build.0 = Debug|Any CPU
		{59BC450C-96E6-4536-B7B1-33583E43897D}.Debug|x64.ActiveCfg = Debug|Any CPU
		{59BC450C-96E6-4536-B7B1-33583E43897D}.Debug|x64.Build.0 = Debug|Any CPU
		{59BC450C-96E6-4536-B7B1-33583E43897D}.Debug|x86.ActiveCfg = Debug|Any CPU
		{59BC450C-96E6-4536-B7B1-33583E43897D}.Debug|x86.Build.0 = Debug|Any CPU
		{59BC450C-96E6-4536-B7B1-33583E43897D}.Release|Any CPU.ActiveCfg = Release|Any CPU
		{59BC450C-96E6-4536-B7B1-33583E43897D}.Release|Any CPU.Build.0 = Release|Any CPU
		{59BC450C-96E6-4536-B7B1-33583E43897D}.Release|x64.ActiveCfg = Release|Any CPU
		{59BC450C-96E6-4536-B7B1-33583E43897D}.Release|x64.Build.0 = Release|Any CPU
		{59BC450C-96E6-4536-B7B1-33583E43897D}.Release|x86.ActiveCfg = Release|Any CPU
		{59BC450C-96E6-4536-B7B1-33583E43897D}.Release|x86.Build.0 = Release|Any CPU
		{6D469CD0-FEB2-41A2-B0E1-D0AB3A4AEEE0}.Debug|Any CPU.ActiveCfg = Debug|Any CPU
		{6D469CD0-FEB2-41A2-B0E1-D0AB3A4AEEE0}.Debug|Any CPU.Build.0 = Debug|Any CPU
		{6D469CD0-FEB2-41A2-B0E1-D0AB3A4AEEE0}.Debug|x64.ActiveCfg = Debug|Any CPU
		{6D469CD0-FEB2-41A2-B0E1-D0AB3A4AEEE0}.Debug|x64.Build.0 = Debug|Any CPU
		{6D469CD0-FEB2-41A2-B0E1-D0AB3A4AEEE0}.Debug|x86.ActiveCfg = Debug|Any CPU
		{6D469CD0-FEB2-41A2-B0E1-D0AB3A4AEEE0}.Debug|x86.Build.0 = Debug|Any CPU
		{6D469CD0-FEB2-41A2-B0E1-D0AB3A4AEEE0}.Release|Any CPU.ActiveCfg = Release|Any CPU
		{6D469CD0-FEB2-41A2-B0E1-D0AB3A4AEEE0}.Release|Any CPU.Build.0 = Release|Any CPU
		{6D469CD0-FEB2-41A2-B0E1-D0AB3A4AEEE0}.Release|x64.ActiveCfg = Release|Any CPU
		{6D469CD0-FEB2-41A2-B0E1-D0AB3A4AEEE0}.Release|x64.Build.0 = Release|Any CPU
		{6D469CD0-FEB2-41A2-B0E1-D0AB3A4AEEE0}.Release|x86.ActiveCfg = Release|Any CPU
		{6D469CD0-FEB2-41A2-B0E1-D0AB3A4AEEE0}.Release|x86.Build.0 = Release|Any CPU
		{DD7A6669-B9FD-4ACB-BAB2-220E12E44DE4}.Debug|Any CPU.ActiveCfg = Debug|Any CPU
		{DD7A6669-B9FD-4ACB-BAB2-220E12E44DE4}.Debug|Any CPU.Build.0 = Debug|Any CPU
		{DD7A6669-B9FD-4ACB-BAB2-220E12E44DE4}.Debug|x64.ActiveCfg = Debug|Any CPU
		{DD7A6669-B9FD-4ACB-BAB2-220E12E44DE4}.Debug|x64.Build.0 = Debug|Any CPU
		{DD7A6669-B9FD-4ACB-BAB2-220E12E44DE4}.Debug|x86.ActiveCfg = Debug|Any CPU
		{DD7A6669-B9FD-4ACB-BAB2-220E12E44DE4}.Debug|x86.Build.0 = Debug|Any CPU
		{DD7A6669-B9FD-4ACB-BAB2-220E12E44DE4}.Release|Any CPU.ActiveCfg = Release|Any CPU
		{DD7A6669-B9FD-4ACB-BAB2-220E12E44DE4}.Release|Any CPU.Build.0 = Release|Any CPU
		{DD7A6669-B9FD-4ACB-BAB2-220E12E44DE4}.Release|x64.ActiveCfg = Release|Any CPU
		{DD7A6669-B9FD-4ACB-BAB2-220E12E44DE4}.Release|x64.Build.0 = Release|Any CPU
		{DD7A6669-B9FD-4ACB-BAB2-220E12E44DE4}.Release|x86.ActiveCfg = Release|Any CPU
		{DD7A6669-B9FD-4ACB-BAB2-220E12E44DE4}.Release|x86.Build.0 = Release|Any CPU
		{ECA88C56-92AA-40C0-ABEF-867E2DCE7CF6}.Debug|Any CPU.ActiveCfg = Debug|Any CPU
		{ECA88C56-92AA-40C0-ABEF-867E2DCE7CF6}.Debug|Any CPU.Build.0 = Debug|Any CPU
		{ECA88C56-92AA-40C0-ABEF-867E2DCE7CF6}.Debug|x64.ActiveCfg = Debug|Any CPU
		{ECA88C56-92AA-40C0-ABEF-867E2DCE7CF6}.Debug|x64.Build.0 = Debug|Any CPU
		{ECA88C56-92AA-40C0-ABEF-867E2DCE7CF6}.Debug|x86.ActiveCfg = Debug|Any CPU
		{ECA88C56-92AA-40C0-ABEF-867E2DCE7CF6}.Debug|x86.Build.0 = Debug|Any CPU
		{ECA88C56-92AA-40C0-ABEF-867E2DCE7CF6}.Release|Any CPU.ActiveCfg = Release|Any CPU
		{ECA88C56-92AA-40C0-ABEF-867E2DCE7CF6}.Release|Any CPU.Build.0 = Release|Any CPU
		{ECA88C56-92AA-40C0-ABEF-867E2DCE7CF6}.Release|x64.ActiveCfg = Release|Any CPU
		{ECA88C56-92AA-40C0-ABEF-867E2DCE7CF6}.Release|x64.Build.0 = Release|Any CPU
		{ECA88C56-92AA-40C0-ABEF-867E2DCE7CF6}.Release|x86.ActiveCfg = Release|Any CPU
		{ECA88C56-92AA-40C0-ABEF-867E2DCE7CF6}.Release|x86.Build.0 = Release|Any CPU
		{5B8875EB-9B2F-413C-8202-F582F4C3CB18}.Debug|Any CPU.ActiveCfg = Debug|Any CPU
		{5B8875EB-9B2F-413C-8202-F582F4C3CB18}.Debug|Any CPU.Build.0 = Debug|Any CPU
		{5B8875EB-9B2F-413C-8202-F582F4C3CB18}.Debug|x64.ActiveCfg = Debug|Any CPU
		{5B8875EB-9B2F-413C-8202-F582F4C3CB18}.Debug|x64.Build.0 = Debug|Any CPU
		{5B8875EB-9B2F-413C-8202-F582F4C3CB18}.Debug|x86.ActiveCfg = Debug|Any CPU
		{5B8875EB-9B2F-413C-8202-F582F4C3CB18}.Debug|x86.Build.0 = Debug|Any CPU
		{5B8875EB-9B2F-413C-8202-F582F4C3CB18}.Release|Any CPU.ActiveCfg = Release|Any CPU
		{5B8875EB-9B2F-413C-8202-F582F4C3CB18}.Release|Any CPU.Build.0 = Release|Any CPU
		{5B8875EB-9B2F-413C-8202-F582F4C3CB18}.Release|x64.ActiveCfg = Release|Any CPU
		{5B8875EB-9B2F-413C-8202-F582F4C3CB18}.Release|x64.Build.0 = Release|Any CPU
		{5B8875EB-9B2F-413C-8202-F582F4C3CB18}.Release|x86.ActiveCfg = Release|Any CPU
		{5B8875EB-9B2F-413C-8202-F582F4C3CB18}.Release|x86.Build.0 = Release|Any CPU
	EndGlobalSection
	GlobalSection(SolutionProperties) = preSolution
		HideSolutionNode = FALSE
	EndGlobalSection
	GlobalSection(NestedProjects) = preSolution
		{D3E59DEB-219D-4231-838B-204E52E44A13} = {E54F8D95-183A-4F3F-AFB2-F0CB1C4AD818}
		{15E38A5C-4460-42A2-A9F5-7686FCB5A238} = {6C88E75E-3388-4544-9E6E-98B0DE83EBB8}
		{54226D32-A012-4BCF-B4A1-93ED3624BD4C} = {15E38A5C-4460-42A2-A9F5-7686FCB5A238}
		{744443E6-0104-4DD3-823F-78C3417EF459} = {6C88E75E-3388-4544-9E6E-98B0DE83EBB8}
		{485A1529-FD6E-47DA-BB16-594266095EB6} = {744443E6-0104-4DD3-823F-78C3417EF459}
		{59BC450C-96E6-4536-B7B1-33583E43897D} = {485A1529-FD6E-47DA-BB16-594266095EB6}
		{6D469CD0-FEB2-41A2-B0E1-D0AB3A4AEEE0} = {485A1529-FD6E-47DA-BB16-594266095EB6}
		{D39904F1-F0CA-49DC-8654-6494CA40A4C7} = {15E38A5C-4460-42A2-A9F5-7686FCB5A238}
		{DD7A6669-B9FD-4ACB-BAB2-220E12E44DE4} = {D39904F1-F0CA-49DC-8654-6494CA40A4C7}
		{ECA88C56-92AA-40C0-ABEF-867E2DCE7CF6} = {E5031C0B-31A2-4BBE-8EC9-4ECB36E5FC32}
	EndGlobalSection
EndGlobal
