
Microsoft Visual Studio Solution File, Format Version 12.00
# Visual Studio Version 17
VisualStudioVersion = 17.5.002.0
MinimumVisualStudioVersion = 10.0.40219.1
Project("{FAE04EC0-301F-11D3-BF4B-00C04F79EFBC}") = "AppsyncLambdaDynamodbDotnetCdk", "AppsyncLambdaDynamodbDotnetCdk\AppsyncLambdaDynamodbDotnetCdk.csproj", "{8737CCC0-6A1F-44E6-A47F-5BFD41EB1FCF}"
EndProject
Project("{2150E333-8FDC-42A3-9474-1A3956D46DE8}") = "LambdaFunctions", "LambdaFunctions", "{2286ADFE-890A-4623-94A8-7F486145F695}"
EndProject
Project("{2150E333-8FDC-42A3-9474-1A3956D46DE8}") = "ColdDataResolver", "ColdDataResolver", "{C446B1A0-7016-488D-87D5-85DB7E3E59A5}"
EndProject
Project("{FAE04EC0-301F-11D3-BF4B-00C04F79EFBC}") = "ColdDataResolver", "LambdaFunctions\ColdDataResolver\src\ColdDataResolver.csproj", "{2E57E746-FBA7-4AEC-9096-47E40F4017C5}"
EndProject
Project("{FAE04EC0-301F-11D3-BF4B-00C04F79EFBC}") = "ColdDataResolver.Tests", "LambdaFunctions\ColdDataResolver\test\ColdDataResolver.Tests.csproj", "{B01F8280-7B6A-4828-A06B-C6DCDA63DFBC}"
EndProject
Project("{2150E333-8FDC-42A3-9474-1A3956D46DE8}") = "HotDataResolver", "HotDataResolver", "{F862AD3A-0EAB-4F2E-98FB-78AC3DB6ACCB}"
EndProject
Project("{FAE04EC0-301F-11D3-BF4B-00C04F79EFBC}") = "HotDataResolver", "LambdaFunctions\HotDataResolver\src\HotDataResolver.csproj", "{BAFF29CC-0A54-4755-9438-FB92BFE5B190}"
EndProject
Project("{FAE04EC0-301F-11D3-BF4B-00C04F79EFBC}") = "HotDataResolver.Tests", "LambdaFunctions\HotDataResolver\test\HotDataResolver.Tests.csproj", "{557D0E4F-E9AE-4580-B56F-95F2D241720B}"
EndProject
Project("{2150E333-8FDC-42A3-9474-1A3956D46DE8}") = "tests", "tests", "{DCFD1292-8C49-4086-9094-6115C6F45908}"
EndProject
Project("{FAE04EC0-301F-11D3-BF4B-00C04F79EFBC}") = "IntegrationTests", "tests\IntegrationTests\IntegrationTests.csproj", "{51CB826D-1896-480C-9711-4129D9EF484E}"
EndProject
Global
	GlobalSection(SolutionConfigurationPlatforms) = preSolution
		Debug|Any CPU = Debug|Any CPU
		Debug|x64 = Debug|x64
		Debug|x86 = Debug|x86
		Release|Any CPU = Release|Any CPU
		Release|x64 = Release|x64
		Release|x86 = Release|x86
	EndGlobalSection
	GlobalSection(ProjectConfigurationPlatforms) = postSolution
		{8737CCC0-6A1F-44E6-A47F-5BFD41EB1FCF}.Debug|Any CPU.ActiveCfg = Debug|Any CPU
		{8737CCC0-6A1F-44E6-A47F-5BFD41EB1FCF}.Debug|Any CPU.Build.0 = Debug|Any CPU
		{8737CCC0-6A1F-44E6-A47F-5BFD41EB1FCF}.Debug|x64.ActiveCfg = Debug|Any CPU
		{8737CCC0-6A1F-44E6-A47F-5BFD41EB1FCF}.Debug|x64.Build.0 = Debug|Any CPU
		{8737CCC0-6A1F-44E6-A47F-5BFD41EB1FCF}.Debug|x86.ActiveCfg = Debug|Any CPU
		{8737CCC0-6A1F-44E6-A47F-5BFD41EB1FCF}.Debug|x86.Build.0 = Debug|Any CPU
		{8737CCC0-6A1F-44E6-A47F-5BFD41EB1FCF}.Release|Any CPU.ActiveCfg = Release|Any CPU
		{8737CCC0-6A1F-44E6-A47F-5BFD41EB1FCF}.Release|Any CPU.Build.0 = Release|Any CPU
		{8737CCC0-6A1F-44E6-A47F-5BFD41EB1FCF}.Release|x64.ActiveCfg = Release|Any CPU
		{8737CCC0-6A1F-44E6-A47F-5BFD41EB1FCF}.Release|x64.Build.0 = Release|Any CPU
		{8737CCC0-6A1F-44E6-A47F-5BFD41EB1FCF}.Release|x86.ActiveCfg = Release|Any CPU
		{8737CCC0-6A1F-44E6-A47F-5BFD41EB1FCF}.Release|x86.Build.0 = Release|Any CPU
		{2E57E746-FBA7-4AEC-9096-47E40F4017C5}.Debug|Any CPU.ActiveCfg = Debug|Any CPU
		{2E57E746-FBA7-4AEC-9096-47E40F4017C5}.Debug|Any CPU.Build.0 = Debug|Any CPU
		{2E57E746-FBA7-4AEC-9096-47E40F4017C5}.Debug|x64.ActiveCfg = Debug|Any CPU
		{2E57E746-FBA7-4AEC-9096-47E40F4017C5}.Debug|x64.Build.0 = Debug|Any CPU
		{2E57E746-FBA7-4AEC-9096-47E40F4017C5}.Debug|x86.ActiveCfg = Debug|Any CPU
		{2E57E746-FBA7-4AEC-9096-47E40F4017C5}.Debug|x86.Build.0 = Debug|Any CPU
		{2E57E746-FBA7-4AEC-9096-47E40F4017C5}.Release|Any CPU.ActiveCfg = Release|Any CPU
		{2E57E746-FBA7-4AEC-9096-47E40F4017C5}.Release|Any CPU.Build.0 = Release|Any CPU
		{2E57E746-FBA7-4AEC-9096-47E40F4017C5}.Release|x64.ActiveCfg = Release|Any CPU
		{2E57E746-FBA7-4AEC-9096-47E40F4017C5}.Release|x64.Build.0 = Release|Any CPU
		{2E57E746-FBA7-4AEC-9096-47E40F4017C5}.Release|x86.ActiveCfg = Release|Any CPU
		{2E57E746-FBA7-4AEC-9096-47E40F4017C5}.Release|x86.Build.0 = Release|Any CPU
		{B01F8280-7B6A-4828-A06B-C6DCDA63DFBC}.Debug|Any CPU.ActiveCfg = Debug|Any CPU
		{B01F8280-7B6A-4828-A06B-C6DCDA63DFBC}.Debug|Any CPU.Build.0 = Debug|Any CPU
		{B01F8280-7B6A-4828-A06B-C6DCDA63DFBC}.Debug|x64.ActiveCfg = Debug|Any CPU
		{B01F8280-7B6A-4828-A06B-C6DCDA63DFBC}.Debug|x64.Build.0 = Debug|Any CPU
		{B01F8280-7B6A-4828-A06B-C6DCDA63DFBC}.Debug|x86.ActiveCfg = Debug|Any CPU
		{B01F8280-7B6A-4828-A06B-C6DCDA63DFBC}.Debug|x86.Build.0 = Debug|Any CPU
		{B01F8280-7B6A-4828-A06B-C6DCDA63DFBC}.Release|Any CPU.ActiveCfg = Release|Any CPU
		{B01F8280-7B6A-4828-A06B-C6DCDA63DFBC}.Release|Any CPU.Build.0 = Release|Any CPU
		{B01F8280-7B6A-4828-A06B-C6DCDA63DFBC}.Release|x64.ActiveCfg = Release|Any CPU
		{B01F8280-7B6A-4828-A06B-C6DCDA63DFBC}.Release|x64.Build.0 = Release|Any CPU
		{B01F8280-7B6A-4828-A06B-C6DCDA63DFBC}.Release|x86.ActiveCfg = Release|Any CPU
		{B01F8280-7B6A-4828-A06B-C6DCDA63DFBC}.Release|x86.Build.0 = Release|Any CPU
		{BAFF29CC-0A54-4755-9438-FB92BFE5B190}.Debug|Any CPU.ActiveCfg = Debug|Any CPU
		{BAFF29CC-0A54-4755-9438-FB92BFE5B190}.Debug|Any CPU.Build.0 = Debug|Any CPU
		{BAFF29CC-0A54-4755-9438-FB92BFE5B190}.Debug|x64.ActiveCfg = Debug|Any CPU
		{BAFF29CC-0A54-4755-9438-FB92BFE5B190}.Debug|x64.Build.0 = Debug|Any CPU
		{BAFF29CC-0A54-4755-9438-FB92BFE5B190}.Debug|x86.ActiveCfg = Debug|Any CPU
		{BAFF29CC-0A54-4755-9438-FB92BFE5B190}.Debug|x86.Build.0 = Debug|Any CPU
		{BAFF29CC-0A54-4755-9438-FB92BFE5B190}.Release|Any CPU.ActiveCfg = Release|Any CPU
		{BAFF29CC-0A54-4755-9438-FB92BFE5B190}.Release|Any CPU.Build.0 = Release|Any CPU
		{BAFF29CC-0A54-4755-9438-FB92BFE5B190}.Release|x64.ActiveCfg = Release|Any CPU
		{BAFF29CC-0A54-4755-9438-FB92BFE5B190}.Release|x64.Build.0 = Release|Any CPU
		{BAFF29CC-0A54-4755-9438-FB92BFE5B190}.Release|x86.ActiveCfg = Release|Any CPU
		{BAFF29CC-0A54-4755-9438-FB92BFE5B190}.Release|x86.Build.0 = Release|Any CPU
		{557D0E4F-E9AE-4580-B56F-95F2D241720B}.Debug|Any CPU.ActiveCfg = Debug|Any CPU
		{557D0E4F-E9AE-4580-B56F-95F2D241720B}.Debug|Any CPU.Build.0 = Debug|Any CPU
		{557D0E4F-E9AE-4580-B56F-95F2D241720B}.Debug|x64.ActiveCfg = Debug|Any CPU
		{557D0E4F-E9AE-4580-B56F-95F2D241720B}.Debug|x64.Build.0 = Debug|Any CPU
		{557D0E4F-E9AE-4580-B56F-95F2D241720B}.Debug|x86.ActiveCfg = Debug|Any CPU
		{557D0E4F-E9AE-4580-B56F-95F2D241720B}.Debug|x86.Build.0 = Debug|Any CPU
		{557D0E4F-E9AE-4580-B56F-95F2D241720B}.Release|Any CPU.ActiveCfg = Release|Any CPU
		{557D0E4F-E9AE-4580-B56F-95F2D241720B}.Release|Any CPU.Build.0 = Release|Any CPU
		{557D0E4F-E9AE-4580-B56F-95F2D241720B}.Release|x64.ActiveCfg = Release|Any CPU
		{557D0E4F-E9AE-4580-B56F-95F2D241720B}.Release|x64.Build.0 = Release|Any CPU
		{557D0E4F-E9AE-4580-B56F-95F2D241720B}.Release|x86.ActiveCfg = Release|Any CPU
		{557D0E4F-E9AE-4580-B56F-95F2D241720B}.Release|x86.Build.0 = Release|Any CPU
		{51CB826D-1896-480C-9711-4129D9EF484E}.Debug|Any CPU.ActiveCfg = Debug|Any CPU
		{51CB826D-1896-480C-9711-4129D9EF484E}.Debug|Any CPU.Build.0 = Debug|Any CPU
		{51CB826D-1896-480C-9711-4129D9EF484E}.Debug|x64.ActiveCfg = Debug|Any CPU
		{51CB826D-1896-480C-9711-4129D9EF484E}.Debug|x64.Build.0 = Debug|Any CPU
		{51CB826D-1896-480C-9711-4129D9EF484E}.Debug|x86.ActiveCfg = Debug|Any CPU
		{51CB826D-1896-480C-9711-4129D9EF484E}.Debug|x86.Build.0 = Debug|Any CPU
		{51CB826D-1896-480C-9711-4129D9EF484E}.Release|Any CPU.ActiveCfg = Release|Any CPU
		{51CB826D-1896-480C-9711-4129D9EF484E}.Release|Any CPU.Build.0 = Release|Any CPU
		{51CB826D-1896-480C-9711-4129D9EF484E}.Release|x64.ActiveCfg = Release|Any CPU
		{51CB826D-1896-480C-9711-4129D9EF484E}.Release|x64.Build.0 = Release|Any CPU
		{51CB826D-1896-480C-9711-4129D9EF484E}.Release|x86.ActiveCfg = Release|Any CPU
		{51CB826D-1896-480C-9711-4129D9EF484E}.Release|x86.Build.0 = Release|Any CPU
	EndGlobalSection
	GlobalSection(SolutionProperties) = preSolution
		HideSolutionNode = FALSE
	EndGlobalSection
	GlobalSection(NestedProjects) = preSolution
		{C446B1A0-7016-488D-87D5-85DB7E3E59A5} = {2286ADFE-890A-4623-94A8-7F486145F695}
		{2E57E746-FBA7-4AEC-9096-47E40F4017C5} = {C446B1A0-7016-488D-87D5-85DB7E3E59A5}
		{B01F8280-7B6A-4828-A06B-C6DCDA63DFBC} = {C446B1A0-7016-488D-87D5-85DB7E3E59A5}
		{F862AD3A-0EAB-4F2E-98FB-78AC3DB6ACCB} = {2286ADFE-890A-4623-94A8-7F486145F695}
		{BAFF29CC-0A54-4755-9438-FB92BFE5B190} = {F862AD3A-0EAB-4F2E-98FB-78AC3DB6ACCB}
		{557D0E4F-E9AE-4580-B56F-95F2D241720B} = {F862AD3A-0EAB-4F2E-98FB-78AC3DB6ACCB}
		{51CB826D-1896-480C-9711-4129D9EF484E} = {DCFD1292-8C49-4086-9094-6115C6F45908}
	EndGlobalSection
EndGlobal
