
Microsoft Visual Studio Solution File, Format Version 12.00
# Visual Studio Version 17
VisualStudioVersion = 17.8.34309.116
MinimumVisualStudioVersion = 10.0.40219.1
Project("{9A19103F-16F7-4668-BE54-9A1E7A4F7556}") = "WebSocketAPI", "WebSocketAPI\WebSocketAPI.csproj", "{5235BDEC-9491-42F3-AC78-482154E68C62}"
EndProject
Project("{9A19103F-16F7-4668-BE54-9A1E7A4F7556}") = "LambdaAuthorizer", "LambdaAuthorizer\LambdaAuthorizer.csproj", "{A21F9634-1289-4434-9A23-33E78E18F46B}"
EndProject
Global
	GlobalSection(SolutionConfigurationPlatforms) = preSolution
		Debug|Any CPU = Debug|Any CPU
		Release|Any CPU = Release|Any CPU
	EndGlobalSection
	GlobalSection(ProjectConfigurationPlatforms) = postSolution
		{5235BDEC-9491-42F3-AC78-482154E68C62}.Debug|Any CPU.ActiveCfg = Debug|Any CPU
		{5235BDEC-9491-42F3-AC78-482154E68C62}.Debug|Any CPU.Build.0 = Debug|Any CPU
		{5235BDEC-9491-42F3-AC78-482154E68C62}.Release|Any CPU.ActiveCfg = Release|Any CPU
		{5235BDEC-9491-42F3-AC78-482154E68C62}.Release|Any CPU.Build.0 = Release|Any CPU
		{A21F9634-1289-4434-9A23-33E78E18F46B}.Debug|Any CPU.ActiveCfg = Debug|Any CPU
		{A21F9634-1289-4434-9A23-33E78E18F46B}.Debug|Any CPU.Build.0 = Debug|Any CPU
		{A21F9634-1289-4434-9A23-33E78E18F46B}.Release|Any CPU.ActiveCfg = Release|Any CPU
		{A21F9634-1289-4434-9A23-33E78E18F46B}.Release|Any CPU.Build.0 = Release|Any CPU
	EndGlobalSection
	GlobalSection(SolutionProperties) = preSolution
		HideSolutionNode = FALSE
	EndGlobalSection
	GlobalSection(ExtensibilityGlobals) = postSolution
		SolutionGuid = {E37CC01B-7B98-4717-B9DE-72509482ED3A}
	EndGlobalSection
EndGlobal
