
Microsoft Visual Studio Solution File, Format Version 12.00
# Visual Studio Version 17
VisualStudioVersion = 17.2.32616.157
MinimumVisualStudioVersion = 10.0.40219.1
Project("{9A19103F-16F7-4668-BE54-9A1E7A4F7556}") = "CallbackPatternSample.API", "CallbackPatternSample.API\CallbackPatternSample.API.csproj", "{C88FDC0F-28E4-4AFE-8935-DFADB06AB51E}"
EndProject
Project("{9A19103F-16F7-4668-BE54-9A1E7A4F7556}") = "storeTaskTokenFunction", "storeTaskTokenFunction\storeTaskTokenFunction.csproj", "{575CA13B-59B8-48F0-A6B0-1A094A80AA7E}"
EndProject
Project("{9A19103F-16F7-4668-BE54-9A1E7A4F7556}") = "processOrderFunction", "processOrderFunction\processOrderFunction.csproj", "{A72BECFD-A456-40FB-9E95-5595C30A74AF}"
EndProject
Project("{9A19103F-16F7-4668-BE54-9A1E7A4F7556}") = "CallbackPatternSample.Models", "CallbackPatternSample.Models\CallbackPatternSample.Models.csproj", "{8A328BC3-1B76-4A60-A82F-272EE3BAFA5C}"
EndProject
Project("{9A19103F-16F7-4668-BE54-9A1E7A4F7556}") = "completeOrderFunction", "completeOrderFunction\completeOrderFunction.csproj", "{71903A21-30F8-419A-A011-C9AE1428CFD9}"
EndProject
Project("{9A19103F-16F7-4668-BE54-9A1E7A4F7556}") = "cdk", "Deployment\cdk.csproj", "{0E2C75FB-51F2-42C1-8321-C9FF5EA6AB49}"
EndProject
Project("{2150E333-8FDC-42A3-9474-1A3956D46DE8}") = "Solution Items", "Solution Items", "{81E66817-D453-46C4-AF47-D964F31BEEEC}"
	ProjectSection(SolutionItems) = preProject
		LICENSE = LICENSE
		README.md = README.md
	EndProjectSection
EndProject
Global
	GlobalSection(SolutionConfigurationPlatforms) = preSolution
		Debug|Any CPU = Debug|Any CPU
		Release|Any CPU = Release|Any CPU
	EndGlobalSection
	GlobalSection(ProjectConfigurationPlatforms) = postSolution
		{C88FDC0F-28E4-4AFE-8935-DFADB06AB51E}.Debug|Any CPU.ActiveCfg = Debug|Any CPU
		{C88FDC0F-28E4-4AFE-8935-DFADB06AB51E}.Debug|Any CPU.Build.0 = Debug|Any CPU
		{C88FDC0F-28E4-4AFE-8935-DFADB06AB51E}.Release|Any CPU.ActiveCfg = Release|Any CPU
		{C88FDC0F-28E4-4AFE-8935-DFADB06AB51E}.Release|Any CPU.Build.0 = Release|Any CPU
		{575CA13B-59B8-48F0-A6B0-1A094A80AA7E}.Debug|Any CPU.ActiveCfg = Debug|Any CPU
		{575CA13B-59B8-48F0-A6B0-1A094A80AA7E}.Debug|Any CPU.Build.0 = Debug|Any CPU
		{575CA13B-59B8-48F0-A6B0-1A094A80AA7E}.Release|Any CPU.ActiveCfg = Release|Any CPU
		{575CA13B-59B8-48F0-A6B0-1A094A80AA7E}.Release|Any CPU.Build.0 = Release|Any CPU
		{A72BECFD-A456-40FB-9E95-5595C30A74AF}.Debug|Any CPU.ActiveCfg = Debug|Any CPU
		{A72BECFD-A456-40FB-9E95-5595C30A74AF}.Debug|Any CPU.Build.0 = Debug|Any CPU
		{A72BECFD-A456-40FB-9E95-5595C30A74AF}.Release|Any CPU.ActiveCfg = Release|Any CPU
		{A72BECFD-A456-40FB-9E95-5595C30A74AF}.Release|Any CPU.Build.0 = Release|Any CPU
		{8A328BC3-1B76-4A60-A82F-272EE3BAFA5C}.Debug|Any CPU.ActiveCfg = Debug|Any CPU
		{8A328BC3-1B76-4A60-A82F-272EE3BAFA5C}.Debug|Any CPU.Build.0 = Debug|Any CPU
		{8A328BC3-1B76-4A60-A82F-272EE3BAFA5C}.Release|Any CPU.ActiveCfg = Release|Any CPU
		{8A328BC3-1B76-4A60-A82F-272EE3BAFA5C}.Release|Any CPU.Build.0 = Release|Any CPU
		{71903A21-30F8-419A-A011-C9AE1428CFD9}.Debug|Any CPU.ActiveCfg = Debug|Any CPU
		{71903A21-30F8-419A-A011-C9AE1428CFD9}.Debug|Any CPU.Build.0 = Debug|Any CPU
		{71903A21-30F8-419A-A011-C9AE1428CFD9}.Release|Any CPU.ActiveCfg = Release|Any CPU
		{71903A21-30F8-419A-A011-C9AE1428CFD9}.Release|Any CPU.Build.0 = Release|Any CPU
		{0E2C75FB-51F2-42C1-8321-C9FF5EA6AB49}.Debug|Any CPU.ActiveCfg = Debug|Any CPU
		{0E2C75FB-51F2-42C1-8321-C9FF5EA6AB49}.Debug|Any CPU.Build.0 = Debug|Any CPU
		{0E2C75FB-51F2-42C1-8321-C9FF5EA6AB49}.Release|Any CPU.ActiveCfg = Release|Any CPU
		{0E2C75FB-51F2-42C1-8321-C9FF5EA6AB49}.Release|Any CPU.Build.0 = Release|Any CPU
	EndGlobalSection
	GlobalSection(SolutionProperties) = preSolution
		HideSolutionNode = FALSE
	EndGlobalSection
	GlobalSection(ExtensibilityGlobals) = postSolution
		SolutionGuid = {58876801-8443-43B2-B737-FEB317094CA2}
	EndGlobalSection
EndGlobal
