
Microsoft Visual Studio Solution File, Format Version 12.00
# Visual Studio Version 17
VisualStudioVersion = 17.9.34714.143
MinimumVisualStudioVersion = 15.0.26124.0
Project("{9A19103F-16F7-4668-BE54-9A1E7A4F7556}") = "Cdk", "Cdk\src\Cdk\Cdk.csproj", "{4380A192-1F45-4974-86DA-9FDEEB555E34}"
EndProject
Project("{9A19103F-16F7-4668-BE54-9A1E7A4F7556}") = "TextractLambda", "TextractLambda\TextractLambda.csproj", "{5BF896C4-BADD-4652-A1BC-7CD2ACA45BB5}"
EndProject
Global
	GlobalSection(SolutionConfigurationPlatforms) = preSolution
		Debug|Any CPU = Debug|Any CPU
		Release|Any CPU = Release|Any CPU
	EndGlobalSection
	GlobalSection(ProjectConfigurationPlatforms) = postSolution
		{4380A192-1F45-4974-86DA-9FDEEB555E34}.Debug|Any CPU.ActiveCfg = Debug|Any CPU
		{4380A192-1F45-4974-86DA-9FDEEB555E34}.Debug|Any CPU.Build.0 = Debug|Any CPU
		{4380A192-1F45-4974-86DA-9FDEEB555E34}.Release|Any CPU.ActiveCfg = Release|Any CPU
		{4380A192-1F45-4974-86DA-9FDEEB555E34}.Release|Any CPU.Build.0 = Release|Any CPU
		{5BF896C4-BADD-4652-A1BC-7CD2ACA45BB5}.Debug|Any CPU.ActiveCfg = Debug|Any CPU
		{5BF896C4-BADD-4652-A1BC-7CD2ACA45BB5}.Debug|Any CPU.Build.0 = Debug|Any CPU
		{5BF896C4-BADD-4652-A1BC-7CD2ACA45BB5}.Release|Any CPU.ActiveCfg = Release|Any CPU
		{5BF896C4-BADD-4652-A1BC-7CD2ACA45BB5}.Release|Any CPU.Build.0 = Release|Any CPU
	EndGlobalSection
	GlobalSection(SolutionProperties) = preSolution
		HideSolutionNode = FALSE
	EndGlobalSection
	GlobalSection(ExtensibilityGlobals) = postSolution
		SolutionGuid = {BA9DE9C3-6A01-4536-8CE5-9D6F8770730C}
	EndGlobalSection
EndGlobal
