
Microsoft Visual Studio Solution File, Format Version 12.00
# Visual Studio Version 17
VisualStudioVersion = 17.4.33122.133
MinimumVisualStudioVersion = 15.0.26124.0
Project("{9A19103F-16F7-4668-BE54-9A1E7A4F7556}") = "CDK", "src\cdk\CDK.csproj", "{52EFAE30-7690-4A51-A3D7-6B9F56DCDD2B}"
EndProject
Project("{9A19103F-16F7-4668-BE54-9A1E7A4F7556}") = "Lambda", "src\Lambda\Lambda.csproj", "{BA209C8A-CB77-4175-96F9-4FCB45C63496}"
EndProject
Global
	GlobalSection(SolutionConfigurationPlatforms) = preSolution
		Debug|Any CPU = Debug|Any CPU
		Release|Any CPU = Release|Any CPU
	EndGlobalSection
	GlobalSection(ProjectConfigurationPlatforms) = postSolution
		{52EFAE30-7690-4A51-A3D7-6B9F56DCDD2B}.Debug|Any CPU.ActiveCfg = Debug|Any CPU
		{52EFAE30-7690-4A51-A3D7-6B9F56DCDD2B}.Debug|Any CPU.Build.0 = Debug|Any CPU
		{52EFAE30-7690-4A51-A3D7-6B9F56DCDD2B}.Release|Any CPU.ActiveCfg = Release|Any CPU
		{52EFAE30-7690-4A51-A3D7-6B9F56DCDD2B}.Release|Any CPU.Build.0 = Release|Any CPU
		{BA209C8A-CB77-4175-96F9-4FCB45C63496}.Debug|Any CPU.ActiveCfg = Debug|Any CPU
		{BA209C8A-CB77-4175-96F9-4FCB45C63496}.Debug|Any CPU.Build.0 = Debug|Any CPU
		{BA209C8A-CB77-4175-96F9-4FCB45C63496}.Release|Any CPU.ActiveCfg = Release|Any CPU
		{BA209C8A-CB77-4175-96F9-4FCB45C63496}.Release|Any CPU.Build.0 = Release|Any CPU
	EndGlobalSection
	GlobalSection(SolutionProperties) = preSolution
		HideSolutionNode = FALSE
	EndGlobalSection
	GlobalSection(ExtensibilityGlobals) = postSolution
		SolutionGuid = {983B8A8E-21DD-494F-B901-825169B43DF7}
	EndGlobalSection
EndGlobal
