
Microsoft Visual Studio Solution File, Format Version 12.00
# Visual Studio Version 17
VisualStudioVersion = 17.5.33414.496
MinimumVisualStudioVersion = 15.0.26124.0
Project("{9A19103F-16F7-4668-BE54-9A1E7A4F7556}") = "WindowsECS", "WindowsECS\WindowsECS.csproj", "{0AD0664D-19E3-4206-A8E0-932C39E6DD72}"
EndProject
Global
	GlobalSection(SolutionConfigurationPlatforms) = preSolution
		Debug|Any CPU = Debug|Any CPU
		Release|Any CPU = Release|Any CPU
	EndGlobalSection
	GlobalSection(ProjectConfigurationPlatforms) = postSolution
		{0AD0664D-19E3-4206-A8E0-932C39E6DD72}.Debug|Any CPU.ActiveCfg = Debug|Any CPU
		{0AD0664D-19E3-4206-A8E0-932C39E6DD72}.Debug|Any CPU.Build.0 = Debug|Any CPU
		{0AD0664D-19E3-4206-A8E0-932C39E6DD72}.Release|Any CPU.ActiveCfg = Release|Any CPU
		{0AD0664D-19E3-4206-A8E0-932C39E6DD72}.Release|Any CPU.Build.0 = Release|Any CPU
	EndGlobalSection
	GlobalSection(SolutionProperties) = preSolution
		HideSolutionNode = FALSE
	EndGlobalSection
EndGlobal
